PODS:
  - GoogleToolboxForMac/Defines (2.2.1)
  - GoogleToolboxForMac/Logger (2.2.1):
    - GoogleToolboxForMac/Defines (= 2.2.1)
  - GTMSessionFetcher/Core (1.2.2)
  - GVRKit (1.170.0):
    - GVRSDK (= 1.170.0)
  - GVRSDK (1.170.0):
    - GoogleToolboxForMac/Logger (~> 2.1)
    - GTMSessionFetcher/Core (~> 1.1)
  - Starscream (3.1.0)

DEPENDENCIES:
  - GVRKit
  - Starscream

SPEC REPOS:
  https://github.com/cocoapods/specs.git:
    - GoogleToolboxForMac
    - GTMSessionFetcher
    - GVRKit
    - GVRSDK
    - Starscream

SPEC CHECKSUMS:
  GoogleToolboxForMac: b3553629623a3b1bff17f555e736cd5a6d95ad55
  GTMSessionFetcher: 61bb0f61a4cb560030f1222021178008a5727a23
  GVRKit: 5c3c481600ffd09ff5a9be3584089445c03c2ecc
  GVRSDK: 690e9ca3e4d6161b84ff25519447ed2f53e0eb0b
  Starscream: 08172b481e145289c4930cb567230fb55897cfa4

PODFILE CHECKSUM: 311d46d8563ca6d0e1c88d4b7cedc6dfad8020ef

COCOAPODS: 1.7.3
